{
  "object": {
    "pins": [
      {
        "package": "Alamofire",
        "repositoryURL": "https://github.com/Alamofire/Alamofire.git",
        "state": {
          "branch": null,
          "revision": "b02c4ee7f1659090f7ac543c022f922beeb04bc6",
          "version": "5.0.2"
        }
      },
      {
        "package": "DynamicColor",
        "repositoryURL": "https://github.com/yannickl/DynamicColor.git",
        "state": {
          "branch": null,
          "revision": "1e85f9461f44bbf8c3ffba9101b8d202f864cdc6",
          "version": "5.0.0"
        }
      },
      {
        "package": "RxSwift",
        "repositoryURL": "https://github.com/ReactiveX/RxSwift.git",
        "state": {
          "branch": null,
          "revision": "c1bd31b397d87a54467af4161dde9d6b27720c19",
          "version": "5.1.0"
        }
      },
      {
        "package": "UICircularProgressRing",
        "repositoryURL": "https://github.com/luispadron/UICircularProgressRing.git",
        "state": {
          "branch": null,
          "revision": "4a1fd4a77bcc27f8b3714aae3ea35835251dcef3",
          "version": "6.5.0"
        }
      }
    ]
  },
  "version": 1
}
