// !$*UTF8*$!
{
	archiveVersion = 1;
	classes = {
	};
	objectVersion = 52;
	objects = {

/* Begin PBXBuildFile section */
		EB0A10BE2410AFE5002F316A /* UICircularProgressRing in Frameworks */ = {isa = PBXBuildFile; productRef = EB0A10BD2410AFE5002F316A /* UICircularProgressRing */; };
		EB0AC021242B1756006FE066 /* ArchiveCell.swift in Sources */ = {isa = PBXBuildFile; fileRef = EB0AC020242B1756006FE066 /* ArchiveCell.swift */; };
		EB1D1FD52406C4FB00352E00 /* RxSwift in Frameworks */ = {isa = PBXBuildFile; productRef = EB1D1FD42406C4FB00352E00 /* RxSwift */; };
		EB1D1FE42406C75300352E00 /* EndpointData.swift in Sources */ = {isa = PBXBuildFile; fileRef = EB1D1FE32406C75300352E00 /* EndpointData.swift */; };
		EB1D1FE62406C76F00352E00 /* Endpoint.swift in Sources */ = {isa = PBXBuildFile; fileRef = EB1D1FE52406C76F00352E00 /* Endpoint.swift */; };
		EB2615C124294B7100939364 /* SettingsViewController.swift in Sources */ = {isa = PBXBuildFile; fileRef = EB2615C024294B7100939364 /* SettingsViewController.swift */; };
		EB32F92B241C5728001DB333 /* DynamicColor in Frameworks */ = {isa = PBXBuildFile; productRef = EB32F92A241C5728001DB333 /* DynamicColor */; };
		EB34380F2408261E004A6A72 /* UserTaskViewController.swift in Sources */ = {isa = PBXBuildFile; fileRef = EB34380E2408261E004A6A72 /* UserTaskViewController.swift */; };
		EB3438112408D7C3004A6A72 /* UIViewController.swift in Sources */ = {isa = PBXBuildFile; fileRef = EB3438102408D7C3004A6A72 /* UIViewController.swift */; };
		EB51F73C2439A66C00C1F488 /* UsersViewController.swift in Sources */ = {isa = PBXBuildFile; fileRef = EB51F73B2439A66C00C1F488 /* UsersViewController.swift */; };
		EB5FDFED242BF9EE009F1B59 /* TeamTaskViewController.swift in Sources */ = {isa = PBXBuildFile; fileRef = EB5FDFEC242BF9EE009F1B59 /* TeamTaskViewController.swift */; };
		EB6038A42406330C00962991 /* Alamofire in Frameworks */ = {isa = PBXBuildFile; productRef = EB6038A32406330C00962991 /* Alamofire */; };
		EB63E80E2402F8C90090791F /* AppDelegate.swift in Sources */ = {isa = PBXBuildFile; fileRef = EB63E80D2402F8C90090791F /* AppDelegate.swift */; };
		EB63E8102402F8C90090791F /* SceneDelegate.swift in Sources */ = {isa = PBXBuildFile; fileRef = EB63E80F2402F8C90090791F /* SceneDelegate.swift */; };
		EB63E8122402F8C90090791F /* LoginViewController.swift in Sources */ = {isa = PBXBuildFile; fileRef = EB63E8112402F8C90090791F /* LoginViewController.swift */; };
		EB63E8152402F8C90090791F /* Main.storyboard in Resources */ = {isa = PBXBuildFile; fileRef = EB63E8132402F8C90090791F /* Main.storyboard */; };
		EB63E8182402F8C90090791F /* TaskLoco.xcdatamodeld in Sources */ = {isa = PBXBuildFile; fileRef = EB63E8162402F8C90090791F /* TaskLoco.xcdatamodeld */; };
		EB63E81A2402F8CB0090791F /* Assets.xcassets in Resources */ = {isa = PBXBuildFile; fileRef = EB63E8192402F8CB0090791F /* Assets.xcassets */; };
		EB63E81D2402F8CB0090791F /* LaunchScreen.storyboard in Resources */ = {isa = PBXBuildFile; fileRef = EB63E81B2402F8CB0090791F /* LaunchScreen.storyboard */; };
		EB64D54224036F9C0000436B /* UserManger.swift in Sources */ = {isa = PBXBuildFile; fileRef = EB64D54124036F9C0000436B /* UserManger.swift */; };
		EB64D55224036FC60000436B /* WorkSans-Regular.otf in Resources */ = {isa = PBXBuildFile; fileRef = EB64D54424036FC60000436B /* WorkSans-Regular.otf */; };
		EB64D55324036FC60000436B /* Oxygen-Regular.ttf in Resources */ = {isa = PBXBuildFile; fileRef = EB64D54524036FC60000436B /* Oxygen-Regular.ttf */; };
		EB64D55424036FC60000436B /* RobotoSlab-Bold.ttf in Resources */ = {isa = PBXBuildFile; fileRef = EB64D54624036FC60000436B /* RobotoSlab-Bold.ttf */; };
		EB64D55524036FC60000436B /* OpenSans-Bold.ttf in Resources */ = {isa = PBXBuildFile; fileRef = EB64D54724036FC60000436B /* OpenSans-Bold.ttf */; };
		EB64D55624036FC60000436B /* WorkSans-Black.otf in Resources */ = {isa = PBXBuildFile; fileRef = EB64D54824036FC60000436B /* WorkSans-Black.otf */; };
		EB64D55724036FC60000436B /* MavenPro-Medium.ttf in Resources */ = {isa = PBXBuildFile; fileRef = EB64D54924036FC60000436B /* MavenPro-Medium.ttf */; };
		EB64D55824036FC60000436B /* NunitoSans-Bold.ttf in Resources */ = {isa = PBXBuildFile; fileRef = EB64D54A24036FC60000436B /* NunitoSans-Bold.ttf */; };
		EB64D55924036FC60000436B /* WorkSans-Bold.otf in Resources */ = {isa = PBXBuildFile; fileRef = EB64D54B24036FC60000436B /* WorkSans-Bold.otf */; };
		EB64D55A24036FC60000436B /* MavenPro-Regular.ttf in Resources */ = {isa = PBXBuildFile; fileRef = EB64D54C24036FC60000436B /* MavenPro-Regular.ttf */; };
		EB64D55B24036FC60000436B /* OpenSans-Regular.ttf in Resources */ = {isa = PBXBuildFile; fileRef = EB64D54D24036FC60000436B /* OpenSans-Regular.ttf */; };
		EB64D55C24036FC60000436B /* RobotoSlab-Light.ttf in Resources */ = {isa = PBXBuildFile; fileRef = EB64D54E24036FC60000436B /* RobotoSlab-Light.ttf */; };
		EB64D55D24036FC60000436B /* MavenPro-Bold.ttf in Resources */ = {isa = PBXBuildFile; fileRef = EB64D54F24036FC60000436B /* MavenPro-Bold.ttf */; };
		EB64D55E24036FC60000436B /* NunitoSans-Regular.ttf in Resources */ = {isa = PBXBuildFile; fileRef = EB64D55024036FC60000436B /* NunitoSans-Regular.ttf */; };
		EB64D55F24036FC60000436B /* Oxygen-Bold.ttf in Resources */ = {isa = PBXBuildFile; fileRef = EB64D55124036FC60000436B /* Oxygen-Bold.ttf */; };
		EB64D564240394AE0000436B /* TaskLocoApi.swift in Sources */ = {isa = PBXBuildFile; fileRef = EB64D563240394AE0000436B /* TaskLocoApi.swift */; };
		EB64D566240398980000436B /* TaskLocoApiManager.swift in Sources */ = {isa = PBXBuildFile; fileRef = EB64D565240398980000436B /* TaskLocoApiManager.swift */; };
		EB668CD3243195CD00D398D5 /* UserCell.swift in Sources */ = {isa = PBXBuildFile; fileRef = EB668CD2243195CD00D398D5 /* UserCell.swift */; };
		EB843D74243913C600FE090D /* ProjectInfo.swift in Sources */ = {isa = PBXBuildFile; fileRef = EB843D73243913C600FE090D /* ProjectInfo.swift */; };
		EB843D762439453B00FE090D /* ProjectCell.swift in Sources */ = {isa = PBXBuildFile; fileRef = EB843D752439453B00FE090D /* ProjectCell.swift */; };
		EB843D7A2439465500FE090D /* ProjectViewController.swift in Sources */ = {isa = PBXBuildFile; fileRef = EB843D792439465500FE090D /* ProjectViewController.swift */; };
		EB843D7D2439466900FE090D /* PeopleViewController.swift in Sources */ = {isa = PBXBuildFile; fileRef = EB843D7C2439466900FE090D /* PeopleViewController.swift */; };
		EB993CCD243D8F4700D8B062 /* UILabel.swift in Sources */ = {isa = PBXBuildFile; fileRef = EB993CCC243D8F4700D8B062 /* UILabel.swift */; };
		EB9A9D9324416611000D59B0 /* PeopleCell.swift in Sources */ = {isa = PBXBuildFile; fileRef = EB9A9D9224416611000D59B0 /* PeopleCell.swift */; };
		EBB3323B240E210C005666F4 /* UiView.swift in Sources */ = {isa = PBXBuildFile; fileRef = EBB3323A240E210C005666F4 /* UiView.swift */; };
		EBB36A4A24256BCC001CC1B5 /* ProjectTabBarViewController.swift in Sources */ = {isa = PBXBuildFile; fileRef = EBB36A4924256BCC001CC1B5 /* ProjectTabBarViewController.swift */; };
		EBB36A4C2425B581001CC1B5 /* TaskViewController.swift in Sources */ = {isa = PBXBuildFile; fileRef = EBB36A4B2425B581001CC1B5 /* TaskViewController.swift */; };
		EBB7327C243A962D00286060 /* OnSelectionDelegate.swift in Sources */ = {isa = PBXBuildFile; fileRef = EBB7327B243A962D00286060 /* OnSelectionDelegate.swift */; };
		EBC153862407790B002EFACD /* SignupViewController.swift in Sources */ = {isa = PBXBuildFile; fileRef = EBC153852407790B002EFACD /* SignupViewController.swift */; };
		EBC153882407815A002EFACD /* UITextField.swift in Sources */ = {isa = PBXBuildFile; fileRef = EBC153872407815A002EFACD /* UITextField.swift */; };
		EBC1538A24078568002EFACD /* Constants.swift in Sources */ = {isa = PBXBuildFile; fileRef = EBC1538924078568002EFACD /* Constants.swift */; };
		EBCA460324402F4C00DDBD6F /* AddUserCell.swift in Sources */ = {isa = PBXBuildFile; fileRef = EBCA460224402F4C00DDBD6F /* AddUserCell.swift */; };
		EBCA46052440313000DDBD6F /* UICollectionCell.swift in Sources */ = {isa = PBXBuildFile; fileRef = EBCA46042440313000DDBD6F /* UICollectionCell.swift */; };
		EBD3018724281BCB00D5C7A8 /* ArchieveViewController.swift in Sources */ = {isa = PBXBuildFile; fileRef = EBD3018624281BCB00D5C7A8 /* ArchieveViewController.swift */; };
		EBE8D49E241EB432007E19D5 /* PulseAnimation.swift in Sources */ = {isa = PBXBuildFile; fileRef = EBE8D49D241EB432007E19D5 /* PulseAnimation.swift */; };
		EBE8D4A0241F4776007E19D5 /* UIButton.swift in Sources */ = {isa = PBXBuildFile; fileRef = EBE8D49F241F4776007E19D5 /* UIButton.swift */; };
		EBF2A2BC240AD3B9001B3D67 /* TaskCell.swift in Sources */ = {isa = PBXBuildFile; fileRef = EBF2A2BB240AD3B9001B3D67 /* TaskCell.swift */; };
		EBF2A2BE240AD561001B3D67 /* TaskInfo.swift in Sources */ = {isa = PBXBuildFile; fileRef = EBF2A2BD240AD561001B3D67 /* TaskInfo.swift */; };
		EBF2A2C0240AD6D7001B3D67 /* Response.swift in Sources */ = {isa = PBXBuildFile; fileRef = EBF2A2BF240AD6D7001B3D67 /* Response.swift */; };
		EBF2A2C2240AE534001B3D67 /* UserInfo.swift in Sources */ = {isa = PBXBuildFile; fileRef = EBF2A2C1240AE534001B3D67 /* UserInfo.swift */; };
		EBF2A2C4240C1FCD001B3D67 /* NetworkInterceptor.swift in Sources */ = {isa = PBXBuildFile; fileRef = EBF2A2C3240C1FCD001B3D67 /* NetworkInterceptor.swift */; };
		EBF2A2C7240C31A0001B3D67 /* TL.swift in Sources */ = {isa = PBXBuildFile; fileRef = EBF2A2C6240C31A0001B3D67 /* TL.swift */; };
		EBF2A2C9240C45B0001B3D67 /* RxSwift.swift in Sources */ = {isa = PBXBuildFile; fileRef = EBF2A2C8240C45B0001B3D67 /* RxSwift.swift */; };
		EBF5045E243C23EF00061849 /* UIGradientFilter.swift in Sources */ = {isa = PBXBuildFile; fileRef = EBF50452243C23EF00061849 /* UIGradientFilter.swift */; };
		EBF5045F243C23EF00061849 /* UIGradient+Metadata.swift in Sources */ = {isa = PBXBuildFile; fileRef = EBF50453243C23EF00061849 /* UIGradient+Metadata.swift */; };
		EBF50460243C23EF00061849 /* UIColor+Interpolation.swift in Sources */ = {isa = PBXBuildFile; fileRef = EBF50456243C23EF00061849 /* UIColor+Interpolation.swift */; };
		EBF50461243C23EF00061849 /* UIColor+Analysis.swift in Sources */ = {isa = PBXBuildFile; fileRef = EBF50457243C23EF00061849 /* UIColor+Analysis.swift */; };
		EBF50462243C23EF00061849 /* Randient.swift in Sources */ = {isa = PBXBuildFile; fileRef = EBF50458243C23EF00061849 /* Randient.swift */; };
		EBF50463243C23EF00061849 /* GradientView+UIGradient.swift in Sources */ = {isa = PBXBuildFile; fileRef = EBF5045A243C23EF00061849 /* GradientView+UIGradient.swift */; };
		EBF50464243C23EF00061849 /* RandientView.swift in Sources */ = {isa = PBXBuildFile; fileRef = EBF5045B243C23EF00061849 /* RandientView.swift */; };
		EBF50465243C23EF00061849 /* GradientView.swift in Sources */ = {isa = PBXBuildFile; fileRef = EBF5045C243C23EF00061849 /* GradientView.swift */; };
		EBF50468243C2A1900061849 /* UIGradient.swift in Sources */ = {isa = PBXBuildFile; fileRef = EBF50467243C2A1900061849 /* UIGradient.swift */; };
		EBF50473243C3F5300061849 /* Zorgeous-Inline.otf in Resources */ = {isa = PBXBuildFile; fileRef = EBF50472243C3F5300061849 /* Zorgeous-Inline.otf */; };
/* End PBXBuildFile section */

/* Begin PBXContainerItemProxy section */
		EBB7321F243A7D7800286060 /* PBXContainerItemProxy */ = {
			isa = PBXContainerItemProxy;
			containerPortal = EBB73218243A7D7700286060 /* Chameleon.xcodeproj */;
			proxyType = 2;
			remoteGlobalIDString = 240093F81BB4517400932727;
			remoteInfo = Chameleon;
		};
		EBB73221243A7D7800286060 /* PBXContainerItemProxy */ = {
			isa = PBXContainerItemProxy;
			containerPortal = EBB73218243A7D7700286060 /* Chameleon.xcodeproj */;
			proxyType = 2;
			remoteGlobalIDString = 247EB8A71BB61EB3009B4904;
			remoteInfo = ChameleonDemo;
		};
		EBB73223243A7D7800286060 /* PBXContainerItemProxy */ = {
			isa = PBXContainerItemProxy;
			containerPortal = EBB73218243A7D7700286060 /* Chameleon.xcodeproj */;
			proxyType = 2;
			remoteGlobalIDString = 0C8DABB11C07B5EA00B28FE2;
			remoteInfo = "ChameleonDemo-Objc";
		};
		EBB73225243A7D7800286060 /* PBXContainerItemProxy */ = {
			isa = PBXContainerItemProxy;
			containerPortal = EBB73218243A7D7700286060 /* Chameleon.xcodeproj */;
			proxyType = 2;
			remoteGlobalIDString = 246492F91F0094DB001E4F26;
			remoteInfo = "ChameleonDemo-Swift";
		};
/* End PBXContainerItemProxy section */

/* Begin PBXCopyFilesBuildPhase section */
		EBB73269243A7FB400286060 /* Embed Frameworks */ = {
			isa = PBXCopyFilesBuildPhase;
			buildActionMask = 2147483647;
			dstPath = "";
			dstSubfolderSpec = 10;
			files = (
			);
			name = "Embed Frameworks";
			runOnlyForDeploymentPostprocessing = 0;
		};
/* End PBXCopyFilesBuildPhase section */

/* Begin PBXFileReference section */
		EB0AC020242B1756006FE066 /* ArchiveCell.swift */ = {isa = PBXFileReference; lastKnownFileType = sourcecode.swift; path = ArchiveCell.swift; sourceTree = "<group>"; };
		EB1D1FE32406C75300352E00 /* EndpointData.swift */ = {isa = PBXFileReference; lastKnownFileType = sourcecode.swift; path = EndpointData.swift; sourceTree = "<group>"; };
		EB1D1FE52406C76F00352E00 /* Endpoint.swift */ = {isa = PBXFileReference; lastKnownFileType = sourcecode.swift; path = Endpoint.swift; sourceTree = "<group>"; };
		EB2615C024294B7100939364 /* SettingsViewController.swift */ = {isa = PBXFileReference; lastKnownFileType = sourcecode.swift; path = SettingsViewController.swift; sourceTree = "<group>"; };
		EB34380E2408261E004A6A72 /* UserTaskViewController.swift */ = {isa = PBXFileReference; lastKnownFileType = sourcecode.swift; path = UserTaskViewController.swift; sourceTree = "<group>"; };
		EB3438102408D7C3004A6A72 /* UIViewController.swift */ = {isa = PBXFileReference; lastKnownFileType = sourcecode.swift; path = UIViewController.swift; sourceTree = "<group>"; };
		EB51F73B2439A66C00C1F488 /* UsersViewController.swift */ = {isa = PBXFileReference; lastKnownFileType = sourcecode.swift; path = UsersViewController.swift; sourceTree = "<group>"; };
		EB5FDFEC242BF9EE009F1B59 /* TeamTaskViewController.swift */ = {isa = PBXFileReference; lastKnownFileType = sourcecode.swift; path = TeamTaskViewController.swift; sourceTree = "<group>"; };
		EB63E80A2402F8C90090791F /* TaskLoco.app */ = {isa = PBXFileReference; explicitFileType = wrapper.application; includeInIndex = 0; path = TaskLoco.app; sourceTree = BUILT_PRODUCTS_DIR; };
		EB63E80D2402F8C90090791F /* AppDelegate.swift */ = {isa = PBXFileReference; lastKnownFileType = sourcecode.swift; path = AppDelegate.swift; sourceTree = "<group>"; };
		EB63E80F2402F8C90090791F /* SceneDelegate.swift */ = {isa = PBXFileReference; lastKnownFileType = sourcecode.swift; path = SceneDelegate.swift; sourceTree = "<group>"; };
		EB63E8112402F8C90090791F /* LoginViewController.swift */ = {isa = PBXFileReference; lastKnownFileType = sourcecode.swift; path = LoginViewController.swift; sourceTree = "<group>"; };
		EB63E8142402F8C90090791F /* Base */ = {isa = PBXFileReference; lastKnownFileType = file.storyboard; name = Base; path = Base.lproj/Main.storyboard; sourceTree = "<group>"; };
		EB63E8172402F8C90090791F /* TaskLoco.xcdatamodel */ = {isa = PBXFileReference; lastKnownFileType = wrapper.xcdatamodel; path = TaskLoco.xcdatamodel; sourceTree = "<group>"; };
		EB63E8192402F8CB0090791F /* Assets.xcassets */ = {isa = PBXFileReference; lastKnownFileType = folder.assetcatalog; path = Assets.xcassets; sourceTree = "<group>"; };
		EB63E81C2402F8CB0090791F /* Base */ = {isa = PBXFileReference; lastKnownFileType = file.storyboard; name = Base; path = Base.lproj/LaunchScreen.storyboard; sourceTree = "<group>"; };
		EB63E81E2402F8CB0090791F /* Info.plist */ = {isa = PBXFileReference; lastKnownFileType = text.plist.xml; path = Info.plist; sourceTree = "<group>"; };
		EB64D54124036F9C0000436B /* UserManger.swift */ = {isa = PBXFileReference; lastKnownFileType = sourcecode.swift; path = UserManger.swift; sourceTree = "<group>"; };
		EB64D54324036FB60000436B /* MavenPro-Bold.ttf */ = {isa = PBXFileReference; lastKnownFileType = file; path = "MavenPro-Bold.ttf"; sourceTree = "<group>"; };
		EB64D54424036FC60000436B /* WorkSans-Regular.otf */ = {isa = PBXFileReference; lastKnownFileType = file; path = "WorkSans-Regular.otf"; sourceTree = "<group>"; };
		EB64D54524036FC60000436B /* Oxygen-Regular.ttf */ = {isa = PBXFileReference; lastKnownFileType = file; path = "Oxygen-Regular.ttf"; sourceTree = "<group>"; };
		EB64D54624036FC60000436B /* RobotoSlab-Bold.ttf */ = {isa = PBXFileReference; lastKnownFileType = file; path = "RobotoSlab-Bold.ttf"; sourceTree = "<group>"; };
		EB64D54724036FC60000436B /* OpenSans-Bold.ttf */ = {isa = PBXFileReference; lastKnownFileType = file; path = "OpenSans-Bold.ttf"; sourceTree = "<group>"; };
		EB64D54824036FC60000436B /* WorkSans-Black.otf */ = {isa = PBXFileReference; lastKnownFileType = file; path = "WorkSans-Black.otf"; sourceTree = "<group>"; };
		EB64D54924036FC60000436B /* MavenPro-Medium.ttf */ = {isa = PBXFileReference; lastKnownFileType = file; path = "MavenPro-Medium.ttf"; sourceTree = "<group>"; };
		EB64D54A24036FC60000436B /* NunitoSans-Bold.ttf */ = {isa = PBXFileReference; lastKnownFileType = file; path = "NunitoSans-Bold.ttf"; sourceTree = "<group>"; };
		EB64D54B24036FC60000436B /* WorkSans-Bold.otf */ = {isa = PBXFileReference; lastKnownFileType = file; path = "WorkSans-Bold.otf"; sourceTree = "<group>"; };
		EB64D54C24036FC60000436B /* MavenPro-Regular.ttf */ = {isa = PBXFileReference; lastKnownFileType = file; path = "MavenPro-Regular.ttf"; sourceTree = "<group>"; };
		EB64D54D24036FC60000436B /* OpenSans-Regular.ttf */ = {isa = PBXFileReference; lastKnownFileType = file; path = "OpenSans-Regular.ttf"; sourceTree = "<group>"; };
		EB64D54E24036FC60000436B /* RobotoSlab-Light.ttf */ = {isa = PBXFileReference; lastKnownFileType = file; path = "RobotoSlab-Light.ttf"; sourceTree = "<group>"; };
		EB64D54F24036FC60000436B /* MavenPro-Bold.ttf */ = {isa = PBXFileReference; lastKnownFileType = file; path = "MavenPro-Bold.ttf"; sourceTree = "<group>"; };
		EB64D55024036FC60000436B /* NunitoSans-Regular.ttf */ = {isa = PBXFileReference; lastKnownFileType = file; path = "NunitoSans-Regular.ttf"; sourceTree = "<group>"; };
		EB64D55124036FC60000436B /* Oxygen-Bold.ttf */ = {isa = PBXFileReference; lastKnownFileType = file; path = "Oxygen-Bold.ttf"; sourceTree = "<group>"; };
		EB64D563240394AE0000436B /* TaskLocoApi.swift */ = {isa = PBXFileReference; lastKnownFileType = sourcecode.swift; path = TaskLocoApi.swift; sourceTree = "<group>"; };
		EB64D565240398980000436B /* TaskLocoApiManager.swift */ = {isa = PBXFileReference; lastKnownFileType = sourcecode.swift; path = TaskLocoApiManager.swift; sourceTree = "<group>"; };
		EB668CD2243195CD00D398D5 /* UserCell.swift */ = {isa = PBXFileReference; lastKnownFileType = sourcecode.swift; path = UserCell.swift; sourceTree = "<group>"; };
		EB843D73243913C600FE090D /* ProjectInfo.swift */ = {isa = PBXFileReference; lastKnownFileType = sourcecode.swift; path = ProjectInfo.swift; sourceTree = "<group>"; };
		EB843D752439453B00FE090D /* ProjectCell.swift */ = {isa = PBXFileReference; lastKnownFileType = sourcecode.swift; path = ProjectCell.swift; sourceTree = "<group>"; };
		EB843D792439465500FE090D /* ProjectViewController.swift */ = {isa = PBXFileReference; lastKnownFileType = sourcecode.swift; path = ProjectViewController.swift; sourceTree = "<group>"; };
		EB843D7C2439466900FE090D /* PeopleViewController.swift */ = {isa = PBXFileReference; lastKnownFileType = sourcecode.swift; path = PeopleViewController.swift; sourceTree = "<group>"; };
		EB993CCC243D8F4700D8B062 /* UILabel.swift */ = {isa = PBXFileReference; lastKnownFileType = sourcecode.swift; path = UILabel.swift; sourceTree = "<group>"; };
		EB9A9D9224416611000D59B0 /* PeopleCell.swift */ = {isa = PBXFileReference; lastKnownFileType = sourcecode.swift; path = PeopleCell.swift; sourceTree = "<group>"; };
		EBB3323A240E210C005666F4 /* UiView.swift */ = {isa = PBXFileReference; lastKnownFileType = sourcecode.swift; path = UiView.swift; sourceTree = "<group>"; };
		EBB36A4924256BCC001CC1B5 /* ProjectTabBarViewController.swift */ = {isa = PBXFileReference; lastKnownFileType = sourcecode.swift; path = ProjectTabBarViewController.swift; sourceTree = "<group>"; };
		EBB36A4B2425B581001CC1B5 /* TaskViewController.swift */ = {isa = PBXFileReference; lastKnownFileType = sourcecode.swift; path = TaskViewController.swift; sourceTree = "<group>"; };
		EBB73217243A7D4B00286060 /* ChameleonFramework.podspec */ = {isa = PBXFileReference; lastKnownFileType = text; name = ChameleonFramework.podspec; path = "Chameleon-master/ChameleonFramework.podspec"; sourceTree = "<group>"; };
		EBB73218243A7D7700286060 /* Chameleon.xcodeproj */ = {isa = PBXFileReference; lastKnownFileType = "wrapper.pb-project"; name = Chameleon.xcodeproj; path = "../../../../Downloads/Chameleon-master/Chameleon.xcodeproj"; sourceTree = "<group>"; };
		EBB7327B243A962D00286060 /* OnSelectionDelegate.swift */ = {isa = PBXFileReference; lastKnownFileType = sourcecode.swift; path = OnSelectionDelegate.swift; sourceTree = "<group>"; };
		EBC153852407790B002EFACD /* SignupViewController.swift */ = {isa = PBXFileReference; lastKnownFileType = sourcecode.swift; path = SignupViewController.swift; sourceTree = "<group>"; };
		EBC153872407815A002EFACD /* UITextField.swift */ = {isa = PBXFileReference; lastKnownFileType = sourcecode.swift; path = UITextField.swift; sourceTree = "<group>"; };
		EBC1538924078568002EFACD /* Constants.swift */ = {isa = PBXFileReference; lastKnownFileType = sourcecode.swift; path = Constants.swift; sourceTree = "<group>"; };
		EBCA460224402F4C00DDBD6F /* AddUserCell.swift */ = {isa = PBXFileReference; lastKnownFileType = sourcecode.swift; path = AddUserCell.swift; sourceTree = "<group>"; };
		EBCA46042440313000DDBD6F /* UICollectionCell.swift */ = {isa = PBXFileReference; lastKnownFileType = sourcecode.swift; path = UICollectionCell.swift; sourceTree = "<group>"; };
		EBD3018624281BCB00D5C7A8 /* ArchieveViewController.swift */ = {isa = PBXFileReference; lastKnownFileType = sourcecode.swift; path = ArchieveViewController.swift; sourceTree = "<group>"; };
		EBE8D49D241EB432007E19D5 /* PulseAnimation.swift */ = {isa = PBXFileReference; lastKnownFileType = sourcecode.swift; path = PulseAnimation.swift; sourceTree = "<group>"; };
		EBE8D49F241F4776007E19D5 /* UIButton.swift */ = {isa = PBXFileReference; lastKnownFileType = sourcecode.swift; path = UIButton.swift; sourceTree = "<group>"; };
		EBF2A2BB240AD3B9001B3D67 /* TaskCell.swift */ = {isa = PBXFileReference; lastKnownFileType = sourcecode.swift; path = TaskCell.swift; sourceTree = "<group>"; };
		EBF2A2BD240AD561001B3D67 /* TaskInfo.swift */ = {isa = PBXFileReference; lastKnownFileType = sourcecode.swift; path = TaskInfo.swift; sourceTree = "<group>"; };
		EBF2A2BF240AD6D7001B3D67 /* Response.swift */ = {isa = PBXFileReference; lastKnownFileType = sourcecode.swift; path = Response.swift; sourceTree = "<group>"; };
		EBF2A2C1240AE534001B3D67 /* UserInfo.swift */ = {isa = PBXFileReference; fileEncoding = 4; lastKnownFileType = sourcecode.swift; path = UserInfo.swift; sourceTree = "<group>"; };
		EBF2A2C3240C1FCD001B3D67 /* NetworkInterceptor.swift */ = {isa = PBXFileReference; lastKnownFileType = sourcecode.swift; path = NetworkInterceptor.swift; sourceTree = "<group>"; };
		EBF2A2C6240C31A0001B3D67 /* TL.swift */ = {isa = PBXFileReference; lastKnownFileType = sourcecode.swift; path = TL.swift; sourceTree = "<group>"; };
		EBF2A2C8240C45B0001B3D67 /* RxSwift.swift */ = {isa = PBXFileReference; lastKnownFileType = sourcecode.swift; path = RxSwift.swift; sourceTree = "<group>"; };
		EBF50452243C23EF00061849 /* UIGradientFilter.swift */ = {isa = PBXFileReference; fileEncoding = 4; lastKnownFileType = sourcecode.swift; path = UIGradientFilter.swift; sourceTree = "<group>"; };
		EBF50453243C23EF00061849 /* UIGradient+Metadata.swift */ = {isa = PBXFileReference; fileEncoding = 4; lastKnownFileType = sourcecode.swift; path = "UIGradient+Metadata.swift"; sourceTree = "<group>"; };
		EBF50454243C23EF00061849 /* Randient.h */ = {isa = PBXFileReference; fileEncoding = 4; lastKnownFileType = sourcecode.c.h; path = Randient.h; sourceTree = "<group>"; };
		EBF50456243C23EF00061849 /* UIColor+Interpolation.swift */ = {isa = PBXFileReference; fileEncoding = 4; lastKnownFileType = sourcecode.swift; path = "UIColor+Interpolation.swift"; sourceTree = "<group>"; };
		EBF50457243C23EF00061849 /* UIColor+Analysis.swift */ = {isa = PBXFileReference; fileEncoding = 4; lastKnownFileType = sourcecode.swift; path = "UIColor+Analysis.swift"; sourceTree = "<group>"; };
		EBF50458243C23EF00061849 /* Randient.swift */ = {isa = PBXFileReference; fileEncoding = 4; lastKnownFileType = sourcecode.swift; path = Randient.swift; sourceTree = "<group>"; };
		EBF5045A243C23EF00061849 /* GradientView+UIGradient.swift */ = {isa = PBXFileReference; fileEncoding = 4; lastKnownFileType = sourcecode.swift; path = "GradientView+UIGradient.swift"; sourceTree = "<group>"; };
		EBF5045B243C23EF00061849 /* RandientView.swift */ = {isa = PBXFileReference; fileEncoding = 4; lastKnownFileType = sourcecode.swift; path = RandientView.swift; sourceTree = "<group>"; };
		EBF5045C243C23EF00061849 /* GradientView.swift */ = {isa = PBXFileReference; fileEncoding = 4; lastKnownFileType = sourcecode.swift; path = GradientView.swift; sourceTree = "<group>"; };
		EBF50467243C2A1900061849 /* UIGradient.swift */ = {isa = PBXFileReference; lastKnownFileType = sourcecode.swift; path = UIGradient.swift; sourceTree = "<group>"; };
		EBF50472243C3F5300061849 /* Zorgeous-Inline.otf */ = {isa = PBXFileReference; lastKnownFileType = file; path = "Zorgeous-Inline.otf"; sourceTree = "<group>"; };
/* End PBXFileReference section */

/* Begin PBXFrameworksBuildPhase section */
		EB63E8072402F8C90090791F /* Frameworks */ = {
			isa = PBXFrameworksBuildPhase;
			buildActionMask = 2147483647;
			files = (
				EB32F92B241C5728001DB333 /* DynamicColor in Frameworks */,
				EB0A10BE2410AFE5002F316A /* UICircularProgressRing in Frameworks */,
				EB1D1FD52406C4FB00352E00 /* RxSwift in Frameworks */,
				EB6038A42406330C00962991 /* Alamofire in Frameworks */,
			);
			runOnlyForDeploymentPostprocessing = 0;
		};
/* End PBXFrameworksBuildPhase section */

/* Begin PBXGroup section */
		EB1D1FDE2406C57100352E00 /* Extensions */ = {
			isa = PBXGroup;
			children = (
				EBC153872407815A002EFACD /* UITextField.swift */,
				EB3438102408D7C3004A6A72 /* UIViewController.swift */,
				EBF2A2C8240C45B0001B3D67 /* RxSwift.swift */,
				EBB3323A240E210C005666F4 /* UiView.swift */,
				EBE8D49F241F4776007E19D5 /* UIButton.swift */,
				EB993CCC243D8F4700D8B062 /* UILabel.swift */,
				EBCA46042440313000DDBD6F /* UICollectionCell.swift */,
			);
			path = Extensions;
			sourceTree = "<group>";
		};
		EB1D1FE12406C73C00352E00 /* Networking */ = {
			isa = PBXGroup;
			children = (
				EBEF05072408199C00DAC90A /* Api */,
				EB1D1FE22406C74300352E00 /* Endpoints */,
			);
			path = Networking;
			sourceTree = "<group>";
		};
		EB1D1FE22406C74300352E00 /* Endpoints */ = {
			isa = PBXGroup;
			children = (
				EB1D1FE52406C76F00352E00 /* Endpoint.swift */,
				EB1D1FE32406C75300352E00 /* EndpointData.swift */,
			);
			path = Endpoints;
			sourceTree = "<group>";
		};
		EB63E8012402F8C90090791F = {
			isa = PBXGroup;
			children = (
				EB63E80C2402F8C90090791F /* TaskLoco */,
				EB63E80B2402F8C90090791F /* Products */,
				EBB73213243A7D0800286060 /* Frameworks */,
			);
			sourceTree = "<group>";
			usesTabs = 1;
		};
		EB63E80B2402F8C90090791F /* Products */ = {
			isa = PBXGroup;
			children = (
				EB63E80A2402F8C90090791F /* TaskLoco.app */,
			);
			name = Products;
			sourceTree = "<group>";
		};
		EB63E80C2402F8C90090791F /* TaskLoco */ = {
			isa = PBXGroup;
			children = (
				EBF50450243C23EF00061849 /* Randient */,
				EBE8D49C241EB421007E19D5 /* Animation */,
				EBF2A2C5240C3186001B3D67 /* DependencyInjection */,
				EB1D1FE12406C73C00352E00 /* Networking */,
				EB1D1FDE2406C57100352E00 /* Extensions */,
				EB960C8D24057E870047A97C /* Helper */,
				EB64D5602403707A0000436B /* Model */,
				EB64D54024036F7D0000436B /* Manager */,
				EB64D53F24036F120000436B /* fonts */,
				EB64D53E24036F090000436B /* ViewController */,
				EB63E80D2402F8C90090791F /* AppDelegate.swift */,
				EB63E80F2402F8C90090791F /* SceneDelegate.swift */,
				EB63E8132402F8C90090791F /* Main.storyboard */,
				EB63E8192402F8CB0090791F /* Assets.xcassets */,
				EB63E81B2402F8CB0090791F /* LaunchScreen.storyboard */,
				EB63E81E2402F8CB0090791F /* Info.plist */,
				EB63E8162402F8C90090791F /* TaskLoco.xcdatamodeld */,
			);
			path = TaskLoco;
			sourceTree = "<group>";
		};
		EB64D53E24036F090000436B /* ViewController */ = {
			isa = PBXGroup;
			children = (
				EB843D782439462B00FE090D /* Project */,
				EB843D772439461F00FE090D /* Home */,
				EBF2A2BA240AD3A3001B3D67 /* ViewCell */,
				EB63E8112402F8C90090791F /* LoginViewController.swift */,
				EBC153852407790B002EFACD /* SignupViewController.swift */,
				EB51F73B2439A66C00C1F488 /* UsersViewController.swift */,
				EBB7327B243A962D00286060 /* OnSelectionDelegate.swift */,
			);
			path = ViewController;
			sourceTree = "<group>";
		};
		EB64D53F24036F120000436B /* fonts */ = {
			isa = PBXGroup;
			children = (
				EBF50472243C3F5300061849 /* Zorgeous-Inline.otf */,
				EB64D54F24036FC60000436B /* MavenPro-Bold.ttf */,
				EB64D54924036FC60000436B /* MavenPro-Medium.ttf */,
				EB64D54C24036FC60000436B /* MavenPro-Regular.ttf */,
				EB64D54A24036FC60000436B /* NunitoSans-Bold.ttf */,
				EB64D55024036FC60000436B /* NunitoSans-Regular.ttf */,
				EB64D54724036FC60000436B /* OpenSans-Bold.ttf */,
				EB64D54D24036FC60000436B /* OpenSans-Regular.ttf */,
				EB64D55124036FC60000436B /* Oxygen-Bold.ttf */,
				EB64D54524036FC60000436B /* Oxygen-Regular.ttf */,
				EB64D54624036FC60000436B /* RobotoSlab-Bold.ttf */,
				EB64D54E24036FC60000436B /* RobotoSlab-Light.ttf */,
				EB64D54824036FC60000436B /* WorkSans-Black.otf */,
				EB64D54B24036FC60000436B /* WorkSans-Bold.otf */,
				EB64D54424036FC60000436B /* WorkSans-Regular.otf */,
				EB64D54324036FB60000436B /* MavenPro-Bold.ttf */,
			);
			path = fonts;
			sourceTree = "<group>";
		};
		EB64D54024036F7D0000436B /* Manager */ = {
			isa = PBXGroup;
			children = (
				EB64D54124036F9C0000436B /* UserManger.swift */,
			);
			path = Manager;
			sourceTree = "<group>";
		};
		EB64D5602403707A0000436B /* Model */ = {
			isa = PBXGroup;
			children = (
				EBF2A2BF240AD6D7001B3D67 /* Response.swift */,
				EBF2A2C1240AE534001B3D67 /* UserInfo.swift */,
				EBF2A2BD240AD561001B3D67 /* TaskInfo.swift */,
				EB843D73243913C600FE090D /* ProjectInfo.swift */,
			);
			path = Model;
			sourceTree = "<group>";
		};
		EB843D772439461F00FE090D /* Home */ = {
			isa = PBXGroup;
			children = (
				EB843D792439465500FE090D /* ProjectViewController.swift */,
				EB843D7C2439466900FE090D /* PeopleViewController.swift */,
			);
			path = Home;
			sourceTree = "<group>";
		};
		EB843D782439462B00FE090D /* Project */ = {
			isa = PBXGroup;
			children = (
				EBB36A4924256BCC001CC1B5 /* ProjectTabBarViewController.swift */,
				EB34380E2408261E004A6A72 /* UserTaskViewController.swift */,
				EB5FDFEC242BF9EE009F1B59 /* TeamTaskViewController.swift */,
				EBB36A4B2425B581001CC1B5 /* TaskViewController.swift */,
				EBD3018624281BCB00D5C7A8 /* ArchieveViewController.swift */,
				EB2615C024294B7100939364 /* SettingsViewController.swift */,
			);
			path = Project;
			sourceTree = "<group>";
		};
		EB960C8D24057E870047A97C /* Helper */ = {
			isa = PBXGroup;
			children = (
				EBC1538924078568002EFACD /* Constants.swift */,
			);
			path = Helper;
			sourceTree = "<group>";
		};
		EBB73213243A7D0800286060 /* Frameworks */ = {
			isa = PBXGroup;
			children = (
				EBB73218243A7D7700286060 /* Chameleon.xcodeproj */,
				EBB73217243A7D4B00286060 /* ChameleonFramework.podspec */,
			);
			name = Frameworks;
			sourceTree = "<group>";
		};
		EBB73219243A7D7700286060 /* Products */ = {
			isa = PBXGroup;
			children = (
				EBB73220243A7D7800286060 /* Chameleon.framework */,
				EBB73222243A7D7800286060 /* ChameleonDemo.app */,
				EBB73224243A7D7800286060 /* ChameleonDemo-Objc.app */,
				EBB73226243A7D7800286060 /* ChameleonDemo-Swift.app */,
			);
			name = Products;
			sourceTree = "<group>";
		};
		EBE8D49C241EB421007E19D5 /* Animation */ = {
			isa = PBXGroup;
			children = (
				EBE8D49D241EB432007E19D5 /* PulseAnimation.swift */,
			);
			path = Animation;
			sourceTree = "<group>";
		};
		EBEF05072408199C00DAC90A /* Api */ = {
			isa = PBXGroup;
			children = (
				EB64D563240394AE0000436B /* TaskLocoApi.swift */,
				EB64D565240398980000436B /* TaskLocoApiManager.swift */,
				EBF2A2C3240C1FCD001B3D67 /* NetworkInterceptor.swift */,
			);
			path = Api;
			sourceTree = "<group>";
		};
		EBF2A2BA240AD3A3001B3D67 /* ViewCell */ = {
			isa = PBXGroup;
			children = (
				EBF2A2BB240AD3B9001B3D67 /* TaskCell.swift */,
				EB0AC020242B1756006FE066 /* ArchiveCell.swift */,
				EB668CD2243195CD00D398D5 /* UserCell.swift */,
				EB843D752439453B00FE090D /* ProjectCell.swift */,
				EBCA460224402F4C00DDBD6F /* AddUserCell.swift */,
				EB9A9D9224416611000D59B0 /* PeopleCell.swift */,
			);
			path = ViewCell;
			sourceTree = "<group>";
		};
		EBF2A2C5240C3186001B3D67 /* DependencyInjection */ = {
			isa = PBXGroup;
			children = (
				EBF2A2C6240C31A0001B3D67 /* TL.swift */,
			);
			path = DependencyInjection;
			sourceTree = "<group>";
		};
		EBF50450243C23EF00061849 /* Randient */ = {
			isa = PBXGroup;
			children = (
				EBF50451243C23EF00061849 /* Gradient */,
				EBF50454243C23EF00061849 /* Randient.h */,
				EBF50455243C23EF00061849 /* Extensions */,
				EBF50458243C23EF00061849 /* Randient.swift */,
				EBF50459243C23EF00061849 /* Views */,
				EBF50467243C2A1900061849 /* UIGradient.swift */,
			);
			path = Randient;
			sourceTree = "<group>";
		};
		EBF50451243C23EF00061849 /* Gradient */ = {
			isa = PBXGroup;
			children = (
				EBF50452243C23EF00061849 /* UIGradientFilter.swift */,
				EBF50453243C23EF00061849 /* UIGradient+Metadata.swift */,
			);
			path = Gradient;
			sourceTree = "<group>";
		};
		EBF50455243C23EF00061849 /* Extensions */ = {
			isa = PBXGroup;
			children = (
				EBF50456243C23EF00061849 /* UIColor+Interpolation.swift */,
				EBF50457243C23EF00061849 /* UIColor+Analysis.swift */,
			);
			path = Extensions;
			sourceTree = "<group>";
		};
		EBF50459243C23EF00061849 /* Views */ = {
			isa = PBXGroup;
			children = (
				EBF5045A243C23EF00061849 /* GradientView+UIGradient.swift */,
				EBF5045B243C23EF00061849 /* RandientView.swift */,
				EBF5045C243C23EF00061849 /* GradientView.swift */,
			);
			path = Views;
			sourceTree = "<group>";
		};
/* End PBXGroup section */

/* Begin PBXNativeTarget section */
		EB63E8092402F8C90090791F /* TaskLoco */ = {
			isa = PBXNativeTarget;
			buildConfigurationList = EB63E8212402F8CB0090791F /* Build configuration list for PBXNativeTarget "TaskLoco" */;
			buildPhases = (
				EB63E8062402F8C90090791F /* Sources */,
				EB63E8072402F8C90090791F /* Frameworks */,
				EB63E8082402F8C90090791F /* Resources */,
				EBB73269243A7FB400286060 /* Embed Frameworks */,
			);
			buildRules = (
			);
			dependencies = (
			);
			name = TaskLoco;
			packageProductDependencies = (
				EB6038A32406330C00962991 /* Alamofire */,
				EB1D1FD42406C4FB00352E00 /* RxSwift */,
				EB0A10BD2410AFE5002F316A /* UICircularProgressRing */,
				EB32F92A241C5728001DB333 /* DynamicColor */,
			);
			productName = TaskLoco;
			productReference = EB63E80A2402F8C90090791F /* TaskLoco.app */;
			productType = "com.apple.product-type.application";
		};
/* End PBXNativeTarget section */

/* Begin PBXProject section */
		EB63E8022402F8C90090791F /* Project object */ = {
			isa = PBXProject;
			attributes = {
				LastSwiftUpdateCheck = 1130;
				LastUpgradeCheck = 1130;
				ORGANIZATIONNAME = "Hardeep Singh";
				TargetAttributes = {
					EB63E8092402F8C90090791F = {
						CreatedOnToolsVersion = 11.3.1;
					};
				};
			};
			buildConfigurationList = EB63E8052402F8C90090791F /* Build configuration list for PBXProject "TaskLoco" */;
			compatibilityVersion = "Xcode 9.3";
			developmentRegion = en;
			hasScannedForEncodings = 0;
			knownRegions = (
				en,
				Base,
			);
			mainGroup = EB63E8012402F8C90090791F;
			packageReferences = (
				EB6038A22406330C00962991 /* XCRemoteSwiftPackageReference "Alamofire" */,
				EB1D1FD32406C4FB00352E00 /* XCRemoteSwiftPackageReference "RxSwift" */,
				EB0A10BC2410AFE5002F316A /* XCRemoteSwiftPackageReference "UICircularProgressRing" */,
				EB32F929241C5728001DB333 /* XCRemoteSwiftPackageReference "DynamicColor" */,
			);
			productRefGroup = EB63E80B2402F8C90090791F /* Products */;
			projectDirPath = "";
			projectReferences = (
				{
					ProductGroup = EBB73219243A7D7700286060 /* Products */;
					ProjectRef = EBB73218243A7D7700286060 /* Chameleon.xcodeproj */;
				},
			);
			projectRoot = "";
			targets = (
				EB63E8092402F8C90090791F /* TaskLoco */,
			);
		};
/* End PBXProject section */

/* Begin PBXReferenceProxy section */
		EBB73220243A7D7800286060 /* Chameleon.framework */ = {
			isa = PBXReferenceProxy;
			fileType = wrapper.framework;
			path = Chameleon.framework;
			remoteRef = EBB7321F243A7D7800286060 /* PBXContainerItemProxy */;
			sourceTree = BUILT_PRODUCTS_DIR;
		};
		EBB73222243A7D7800286060 /* ChameleonDemo.app */ = {
			isa = PBXReferenceProxy;
			fileType = wrapper.application;
			path = ChameleonDemo.app;
			remoteRef = EBB73221243A7D7800286060 /* PBXContainerItemProxy */;
			sourceTree = BUILT_PRODUCTS_DIR;
		};
		EBB73224243A7D7800286060 /* ChameleonDemo-Objc.app */ = {
			isa = PBXReferenceProxy;
			fileType = wrapper.application;
			path = "ChameleonDemo-Objc.app";
			remoteRef = EBB73223243A7D7800286060 /* PBXContainerItemProxy */;
			sourceTree = BUILT_PRODUCTS_DIR;
		};
		EBB73226243A7D7800286060 /* ChameleonDemo-Swift.app */ = {
			isa = PBXReferenceProxy;
			fileType = wrapper.application;
			path = "ChameleonDemo-Swift.app";
			remoteRef = EBB73225243A7D7800286060 /* PBXContainerItemProxy */;
			sourceTree = BUILT_PRODUCTS_DIR;
		};
/* End PBXReferenceProxy section */

/* Begin PBXResourcesBuildPhase section */
		EB63E8082402F8C90090791F /* Resources */ = {
			isa = PBXResourcesBuildPhase;
			buildActionMask = 2147483647;
			files = (
				EB63E81D2402F8CB0090791F /* LaunchScreen.storyboard in Resources */,
				EB64D55524036FC60000436B /* OpenSans-Bold.ttf in Resources */,
				EB63E81A2402F8CB0090791F /* Assets.xcassets in Resources */,
				EB64D55E24036FC60000436B /* NunitoSans-Regular.ttf in Resources */,
				EB64D55D24036FC60000436B /* MavenPro-Bold.ttf in Resources */,
				EB64D55F24036FC60000436B /* Oxygen-Bold.ttf in Resources */,
				EB64D55824036FC60000436B /* NunitoSans-Bold.ttf in Resources */,
				EB64D55624036FC60000436B /* WorkSans-Black.otf in Resources */,
				EB64D55924036FC60000436B /* WorkSans-Bold.otf in Resources */,
				EB64D55424036FC60000436B /* RobotoSlab-Bold.ttf in Resources */,
				EB64D55A24036FC60000436B /* MavenPro-Regular.ttf in Resources */,
				EB64D55C24036FC60000436B /* RobotoSlab-Light.ttf in Resources */,
				EB64D55224036FC60000436B /* WorkSans-Regular.otf in Resources */,
				EB64D55324036FC60000436B /* Oxygen-Regular.ttf in Resources */,
				EBF50473243C3F5300061849 /* Zorgeous-Inline.otf in Resources */,
				EB63E8152402F8C90090791F /* Main.storyboard in Resources */,
				EB64D55B24036FC60000436B /* OpenSans-Regular.ttf in Resources */,
				EB64D55724036FC60000436B /* MavenPro-Medium.ttf in Resources */,
			);
			runOnlyForDeploymentPostprocessing = 0;
		};
/* End PBXResourcesBuildPhase section */

/* Begin PBXSourcesBuildPhase section */
		EB63E8062402F8C90090791F /* Sources */ = {
			isa = PBXSourcesBuildPhase;
			buildActionMask = 2147483647;
			files = (
				EBB36A4C2425B581001CC1B5 /* TaskViewController.swift in Sources */,
				EBF50461243C23EF00061849 /* UIColor+Analysis.swift in Sources */,
				EB9A9D9324416611000D59B0 /* PeopleCell.swift in Sources */,
				EB843D762439453B00FE090D /* ProjectCell.swift in Sources */,
				EBB3323B240E210C005666F4 /* UiView.swift in Sources */,
				EBB36A4A24256BCC001CC1B5 /* ProjectTabBarViewController.swift in Sources */,
				EBF2A2C7240C31A0001B3D67 /* TL.swift in Sources */,
				EBF5045F243C23EF00061849 /* UIGradient+Metadata.swift in Sources */,
				EBF50460243C23EF00061849 /* UIColor+Interpolation.swift in Sources */,
				EBF2A2C2240AE534001B3D67 /* UserInfo.swift in Sources */,
				EBF50468243C2A1900061849 /* UIGradient.swift in Sources */,
				EB64D566240398980000436B /* TaskLocoApiManager.swift in Sources */,
				EBC153882407815A002EFACD /* UITextField.swift in Sources */,
				EBF50463243C23EF00061849 /* GradientView+UIGradient.swift in Sources */,
				EB843D7A2439465500FE090D /* ProjectViewController.swift in Sources */,
				EB3438112408D7C3004A6A72 /* UIViewController.swift in Sources */,
				EBCA46052440313000DDBD6F /* UICollectionCell.swift in Sources */,
				EBF2A2BE240AD561001B3D67 /* TaskInfo.swift in Sources */,
				EBF50462243C23EF00061849 /* Randient.swift in Sources */,
				EB63E8122402F8C90090791F /* LoginViewController.swift in Sources */,
				EBF50465243C23EF00061849 /* GradientView.swift in Sources */,
				EBC153862407790B002EFACD /* SignupViewController.swift in Sources */,
				EB63E8182402F8C90090791F /* TaskLoco.xcdatamodeld in Sources */,
				EBF2A2C9240C45B0001B3D67 /* RxSwift.swift in Sources */,
				EB843D7D2439466900FE090D /* PeopleViewController.swift in Sources */,
				EB0AC021242B1756006FE066 /* ArchiveCell.swift in Sources */,
				EBE8D4A0241F4776007E19D5 /* UIButton.swift in Sources */,
				EB843D74243913C600FE090D /* ProjectInfo.swift in Sources */,
				EB34380F2408261E004A6A72 /* UserTaskViewController.swift in Sources */,
				EB993CCD243D8F4700D8B062 /* UILabel.swift in Sources */,
				EB63E80E2402F8C90090791F /* AppDelegate.swift in Sources */,
				EB1D1FE62406C76F00352E00 /* Endpoint.swift in Sources */,
				EBC1538A24078568002EFACD /* Constants.swift in Sources */,
				EB1D1FE42406C75300352E00 /* EndpointData.swift in Sources */,
				EB5FDFED242BF9EE009F1B59 /* TeamTaskViewController.swift in Sources */,
				EBF5045E243C23EF00061849 /* UIGradientFilter.swift in Sources */,
				EB51F73C2439A66C00C1F488 /* UsersViewController.swift in Sources */,
				EB63E8102402F8C90090791F /* SceneDelegate.swift in Sources */,
				EBCA460324402F4C00DDBD6F /* AddUserCell.swift in Sources */,
				EBE8D49E241EB432007E19D5 /* PulseAnimation.swift in Sources */,
				EBF2A2BC240AD3B9001B3D67 /* TaskCell.swift in Sources */,
				EBF2A2C4240C1FCD001B3D67 /* NetworkInterceptor.swift in Sources */,
				EB2615C124294B7100939364 /* SettingsViewController.swift in Sources */,
				EBF50464243C23EF00061849 /* RandientView.swift in Sources */,
				EB64D564240394AE0000436B /* TaskLocoApi.swift in Sources */,
				EBD3018724281BCB00D5C7A8 /* ArchieveViewController.swift in Sources */,
				EBB7327C243A962D00286060 /* OnSelectionDelegate.swift in Sources */,
				EB668CD3243195CD00D398D5 /* UserCell.swift in Sources */,
				EBF2A2C0240AD6D7001B3D67 /* Response.swift in Sources */,
				EB64D54224036F9C0000436B /* UserManger.swift in Sources */,
			);
			runOnlyForDeploymentPostprocessing = 0;
		};
/* End PBXSourcesBuildPhase section */

/* Begin PBXVariantGroup section */
		EB63E8132402F8C90090791F /* Main.storyboard */ = {
			isa = PBXVariantGroup;
			children = (
				EB63E8142402F8C90090791F /* Base */,
			);
			name = Main.storyboard;
			sourceTree = "<group>";
		};
		EB63E81B2402F8CB0090791F /* LaunchScreen.storyboard */ = {
			isa = PBXVariantGroup;
			children = (
				EB63E81C2402F8CB0090791F /* Base */,
			);
			name = LaunchScreen.storyboard;
			sourceTree = "<group>";
		};
/* End PBXVariantGroup section */

/* Begin XCBuildConfiguration section */
		EB63E81F2402F8CB0090791F /* Debug */ = {
			isa = XCBuildConfiguration;
			buildSettings = {
				ALWAYS_SEARCH_USER_PATHS = NO;
				CLANG_ANALYZER_NONNULL = YES;
				CLANG_ANALYZER_NUMBER_OBJECT_CONVERSION = YES_AGGRESSIVE;
				CLANG_CXX_LANGUAGE_STANDARD = "gnu++14";
				CLANG_CXX_LIBRARY = "libc++";
				CLANG_ENABLE_MODULES = YES;
				CLANG_ENABLE_OBJC_ARC = YES;
				CLANG_ENABLE_OBJC_WEAK = YES;
				CLANG_WARN_BLOCK_CAPTURE_AUTORELEASING = YES;
				CLANG_WARN_BOOL_CONVERSION = YES;
				CLANG_WARN_COMMA = YES;
				CLANG_WARN_CONSTANT_CONVERSION = YES;
				CLANG_WARN_DEPRECATED_OBJC_IMPLEMENTATIONS = YES;
				CLANG_WARN_DIRECT_OBJC_ISA_USAGE = YES_ERROR;
				CLANG_WARN_DOCUMENTATION_COMMENTS = YES;
				CLANG_WARN_EMPTY_BODY = YES;
				CLANG_WARN_ENUM_CONVERSION = YES;
				CLANG_WARN_INFINITE_RECURSION = YES;
				CLANG_WARN_INT_CONVERSION = YES;
				CLANG_WARN_NON_LITERAL_NULL_CONVERSION = YES;
				CLANG_WARN_OBJC_IMPLICIT_RETAIN_SELF = YES;
				CLANG_WARN_OBJC_LITERAL_CONVERSION = YES;
				CLANG_WARN_OBJC_ROOT_CLASS = YES_ERROR;
				CLANG_WARN_RANGE_LOOP_ANALYSIS = YES;
				CLANG_WARN_STRICT_PROTOTYPES = YES;
				CLANG_WARN_SUSPICIOUS_MOVE = YES;
				CLANG_WARN_UNGUARDED_AVAILABILITY = YES_AGGRESSIVE;
				CLANG_WARN_UNREACHABLE_CODE = YES;
				CLANG_WARN__DUPLICATE_METHOD_MATCH = YES;
				COPY_PHASE_STRIP = NO;
				DEBUG_INFORMATION_FORMAT = dwarf;
				ENABLE_STRICT_OBJC_MSGSEND = YES;
				ENABLE_TESTABILITY = YES;
				GCC_C_LANGUAGE_STANDARD = gnu11;
				GCC_DYNAMIC_NO_PIC = NO;
				GCC_NO_COMMON_BLOCKS = YES;
				GCC_OPTIMIZATION_LEVEL = 0;
				GCC_PREPROCESSOR_DEFINITIONS = (
					"DEBUG=1",
					"$(inherited)",
				);
				GCC_WARN_64_TO_32_BIT_CONVERSION = YES;
				GCC_WARN_ABOUT_RETURN_TYPE = YES_ERROR;
				GCC_WARN_UNDECLARED_SELECTOR = YES;
				GCC_WARN_UNINITIALIZED_AUTOS = YES_AGGRESSIVE;
				GCC_WARN_UNUSED_FUNCTION = YES;
				GCC_WARN_UNUSED_VARIABLE = YES;
				IPHONEOS_DEPLOYMENT_TARGET = 13.2;
				MTL_ENABLE_DEBUG_INFO = INCLUDE_SOURCE;
				MTL_FAST_MATH = YES;
				ONLY_ACTIVE_ARCH = YES;
				SDKROOT = iphoneos;
				SWIFT_ACTIVE_COMPILATION_CONDITIONS = DEBUG;
				SWIFT_OPTIMIZATION_LEVEL = "-Onone";
			};
			name = Debug;
		};
		EB63E8202402F8CB0090791F /* Release */ = {
			isa = XCBuildConfiguration;
			buildSettings = {
				ALWAYS_SEARCH_USER_PATHS = NO;
				CLANG_ANALYZER_NONNULL = YES;
				CLANG_ANALYZER_NUMBER_OBJECT_CONVERSION = YES_AGGRESSIVE;
				CLANG_CXX_LANGUAGE_STANDARD = "gnu++14";
				CLANG_CXX_LIBRARY = "libc++";
				CLANG_ENABLE_MODULES = YES;
				CLANG_ENABLE_OBJC_ARC = YES;
				CLANG_ENABLE_OBJC_WEAK = YES;
				CLANG_WARN_BLOCK_CAPTURE_AUTORELEASING = YES;
				CLANG_WARN_BOOL_CONVERSION = YES;
				CLANG_WARN_COMMA = YES;
				CLANG_WARN_CONSTANT_CONVERSION = YES;
				CLANG_WARN_DEPRECATED_OBJC_IMPLEMENTATIONS = YES;
				CLANG_WARN_DIRECT_OBJC_ISA_USAGE = YES_ERROR;
				CLANG_WARN_DOCUMENTATION_COMMENTS = YES;
				CLANG_WARN_EMPTY_BODY = YES;
				CLANG_WARN_ENUM_CONVERSION = YES;
				CLANG_WARN_INFINITE_RECURSION = YES;
				CLANG_WARN_INT_CONVERSION = YES;
				CLANG_WARN_NON_LITERAL_NULL_CONVERSION = YES;
				CLANG_WARN_OBJC_IMPLICIT_RETAIN_SELF = YES;
				CLANG_WARN_OBJC_LITERAL_CONVERSION = YES;
				CLANG_WARN_OBJC_ROOT_CLASS = YES_ERROR;
				CLANG_WARN_RANGE_LOOP_ANALYSIS = YES;
				CLANG_WARN_STRICT_PROTOTYPES = YES;
				CLANG_WARN_SUSPICIOUS_MOVE = YES;
				CLANG_WARN_UNGUARDED_AVAILABILITY = YES_AGGRESSIVE;
				CLANG_WARN_UNREACHABLE_CODE = YES;
				CLANG_WARN__DUPLICATE_METHOD_MATCH = YES;
				COPY_PHASE_STRIP = NO;
				DEBUG_INFORMATION_FORMAT = "dwarf-with-dsym";
				ENABLE_NS_ASSERTIONS = NO;
				ENABLE_STRICT_OBJC_MSGSEND = YES;
				GCC_C_LANGUAGE_STANDARD = gnu11;
				GCC_NO_COMMON_BLOCKS = YES;
				GCC_WARN_64_TO_32_BIT_CONVERSION = YES;
				GCC_WARN_ABOUT_RETURN_TYPE = YES_ERROR;
				GCC_WARN_UNDECLARED_SELECTOR = YES;
				GCC_WARN_UNINITIALIZED_AUTOS = YES_AGGRESSIVE;
				GCC_WARN_UNUSED_FUNCTION = YES;
				GCC_WARN_UNUSED_VARIABLE = YES;
				IPHONEOS_DEPLOYMENT_TARGET = 13.2;
				MTL_ENABLE_DEBUG_INFO = NO;
				MTL_FAST_MATH = YES;
				SDKROOT = iphoneos;
				SWIFT_COMPILATION_MODE = wholemodule;
				SWIFT_OPTIMIZATION_LEVEL = "-O";
				VALIDATE_PRODUCT = YES;
			};
			name = Release;
		};
		EB63E8222402F8CB0090791F /* Debug */ = {
			isa = XCBuildConfiguration;
			buildSettings = {
				ASSETCATALOG_COMPILER_APPICON_NAME = AppIcon;
				CODE_SIGN_STYLE = Automatic;
				DEVELOPMENT_ASSET_PATHS = "";
				FRAMEWORK_SEARCH_PATHS = (
					"$(inherited)",
					"$(PROJECT_DIR)/Carthage/Build/iOS",
				);
				INFOPLIST_FILE = TaskLoco/Info.plist;
				IPHONEOS_DEPLOYMENT_TARGET = 13.2;
				LD_RUNPATH_SEARCH_PATHS = (
					"$(inherited)",
					"@executable_path/Frameworks",
				);
				PRODUCT_BUNDLE_IDENTIFIER = com.hardeep.sahibdeep.TaskLoco;
				PRODUCT_NAME = "$(TARGET_NAME)";
				SWIFT_VERSION = 5.0;
				TARGETED_DEVICE_FAMILY = "1,2";
			};
			name = Debug;
		};
		EB63E8232402F8CB0090791F /* Release */ = {
			isa = XCBuildConfiguration;
			buildSettings = {
				ASSETCATALOG_COMPILER_APPICON_NAME = AppIcon;
				CODE_SIGN_STYLE = Automatic;
				DEVELOPMENT_ASSET_PATHS = "";
				FRAMEWORK_SEARCH_PATHS = (
					"$(inherited)",
					"$(PROJECT_DIR)/Carthage/Build/iOS",
				);
				INFOPLIST_FILE = TaskLoco/Info.plist;
				IPHONEOS_DEPLOYMENT_TARGET = 13.2;
				LD_RUNPATH_SEARCH_PATHS = (
					"$(inherited)",
					"@executable_path/Frameworks",
				);
				PRODUCT_BUNDLE_IDENTIFIER = com.hardeep.sahibdeep.TaskLoco;
				PRODUCT_NAME = "$(TARGET_NAME)";
				SWIFT_VERSION = 5.0;
				TARGETED_DEVICE_FAMILY = "1,2";
			};
			name = Release;
		};
/* End XCBuildConfiguration section */

/* Begin XCConfigurationList section */
		EB63E8052402F8C90090791F /* Build configuration list for PBXProject "TaskLoco" */ = {
			isa = XCConfigurationList;
			buildConfigurations = (
				EB63E81F2402F8CB0090791F /* Debug */,
				EB63E8202402F8CB0090791F /* Release */,
			);
			defaultConfigurationIsVisible = 0;
			defaultConfigurationName = Release;
		};
		EB63E8212402F8CB0090791F /* Build configuration list for PBXNativeTarget "TaskLoco" */ = {
			isa = XCConfigurationList;
			buildConfigurations = (
				EB63E8222402F8CB0090791F /* Debug */,
				EB63E8232402F8CB0090791F /* Release */,
			);
			defaultConfigurationIsVisible = 0;
			defaultConfigurationName = Release;
		};
/* End XCConfigurationList section */

/* Begin XCRemoteSwiftPackageReference section */
		EB0A10BC2410AFE5002F316A /* XCRemoteSwiftPackageReference "UICircularProgressRing" */ = {
			isa = XCRemoteSwiftPackageReference;
			repositoryURL = "https://github.com/luispadron/UICircularProgressRing.git";
			requirement = {
				kind = upToNextMajorVersion;
				minimumVersion = 6.5.0;
			};
		};
		EB1D1FD32406C4FB00352E00 /* XCRemoteSwiftPackageReference "RxSwift" */ = {
			isa = XCRemoteSwiftPackageReference;
			repositoryURL = "https://github.com/ReactiveX/RxSwift.git";
			requirement = {
				kind = upToNextMajorVersion;
				minimumVersion = 5.0.1;
			};
		};
		EB32F929241C5728001DB333 /* XCRemoteSwiftPackageReference "DynamicColor" */ = {
			isa = XCRemoteSwiftPackageReference;
			repositoryURL = "https://github.com/yannickl/DynamicColor.git";
			requirement = {
				kind = upToNextMajorVersion;
				minimumVersion = 5.0.0;
			};
		};
		EB6038A22406330C00962991 /* XCRemoteSwiftPackageReference "Alamofire" */ = {
			isa = XCRemoteSwiftPackageReference;
			repositoryURL = "https://github.com/Alamofire/Alamofire.git";
			requirement = {
				kind = upToNextMajorVersion;
				minimumVersion = 5.0.2;
			};
		};
/* End XCRemoteSwiftPackageReference section */

/* Begin XCSwiftPackageProductDependency section */
		EB0A10BD2410AFE5002F316A /* UICircularProgressRing */ = {
			isa = XCSwiftPackageProductDependency;
			package = EB0A10BC2410AFE5002F316A /* XCRemoteSwiftPackageReference "UICircularProgressRing" */;
			productName = UICircularProgressRing;
		};
		EB1D1FD42406C4FB00352E00 /* RxSwift */ = {
			isa = XCSwiftPackageProductDependency;
			package = EB1D1FD32406C4FB00352E00 /* XCRemoteSwiftPackageReference "RxSwift" */;
			productName = RxSwift;
		};
		EB32F92A241C5728001DB333 /* DynamicColor */ = {
			isa = XCSwiftPackageProductDependency;
			package = EB32F929241C5728001DB333 /* XCRemoteSwiftPackageReference "DynamicColor" */;
			productName = DynamicColor;
		};
		EB6038A32406330C00962991 /* Alamofire */ = {
			isa = XCSwiftPackageProductDependency;
			package = EB6038A22406330C00962991 /* XCRemoteSwiftPackageReference "Alamofire" */;
			productName = Alamofire;
		};
/* End XCSwiftPackageProductDependency section */

/* Begin XCVersionGroup section */
		EB63E8162402F8C90090791F /* TaskLoco.xcdatamodeld */ = {
			isa = XCVersionGroup;
			children = (
				EB63E8172402F8C90090791F /* TaskLoco.xcdatamodel */,
			);
			currentVersion = EB63E8172402F8C90090791F /* TaskLoco.xcdatamodel */;
			path = TaskLoco.xcdatamodeld;
			sourceTree = "<group>";
			versionGroupType = wrapper.xcdatamodel;
		};
/* End XCVersionGroup section */
	};
	rootObject = EB63E8022402F8C90090791F /* Project object */;
}
